
Microsoft Visual Studio Solution File, Format Version 12.00
# Visual Studio Version 17
VisualStudioVersion = 17.7.34031.279
MinimumVisualStudioVersion = 10.0.40219.1
Project("{FAE04EC0-301F-11D3-BF4B-00C04F79EFBC}") = "antras_praktinis", "antras_praktinis.csproj", "{0AE42B8F-DEEA-4862-8BA7-984DB6C967C1}"
EndProject
Global
	GlobalSection(SolutionConfigurationPlatforms) = preSolution
		Debug|Any CPU = Debug|Any CPU
		Release|Any CPU = Release|Any CPU
	EndGlobalSection
	GlobalSection(ProjectConfigurationPlatforms) = postSolution
		{0AE42B8F-DEEA-4862-8BA7-984DB6C967C1}.Debug|Any CPU.ActiveCfg = Debug|Any CPU
		{0AE42B8F-DEEA-4862-8BA7-984DB6C967C1}.Debug|Any CPU.Build.0 = Debug|Any CPU
		{0AE42B8F-DEEA-4862-8BA7-984DB6C967C1}.Release|Any CPU.ActiveCfg = Release|Any CPU
		{0AE42B8F-DEEA-4862-8BA7-984DB6C967C1}.Release|Any CPU.Build.0 = Release|Any CPU
	EndGlobalSection
	GlobalSection(SolutionProperties) = preSolution
		HideSolutionNode = FALSE
	EndGlobalSection
	GlobalSection(ExtensibilityGlobals) = postSolution
		SolutionGuid = {8154466C-B9B4-401C-9045-074B0565255A}
	EndGlobalSection
EndGlobal
